// !$*UTF8*$!
{
	archiveVersion = 1;
	classes = {
	};
	objectVersion = 54;
	objects = {

/* Begin PBXBuildFile section */
		220A1A4329AECB3F009A84EE /* FilePicker.swift in Sources */ = {isa = PBXBuildFile; fileRef = 220A1A4229AECB3F009A84EE /* FilePicker.swift */; };
		223B6CA3299BB7DA006F6CC2 /* SQLite in Frameworks */ = {isa = PBXBuildFile; productRef = 223B6CA2299BB7DA006F6CC2 /* SQLite */; };
		223B6CA4299BBCC8006F6CC2 /* Face.swift in Sources */ = {isa = PBXBuildFile; fileRef = 223B6C9F299BB6D4006F6CC2 /* Face.swift */; };
		223B6CA8299BC7F3006F6CC2 /* FaceGrid.swift in Sources */ = {isa = PBXBuildFile; fileRef = 223B6CA6299BC7A6006F6CC2 /* FaceGrid.swift */; };
		223B6CAD299BC9A7006F6CC2 /* FaceCard.swift in Sources */ = {isa = PBXBuildFile; fileRef = 223B6CA9299BC97D006F6CC2 /* FaceCard.swift */; };
		223B6CB6299C1B0E006F6CC2 /* Person.swift in Sources */ = {isa = PBXBuildFile; fileRef = 223B6CB5299C1B0D006F6CC2 /* Person.swift */; };
		225397D42B7CFE4C00C4D43C /* Toolbar.swift in Sources */ = {isa = PBXBuildFile; fileRef = 225397D32B7CFE4C00C4D43C /* Toolbar.swift */; };
		227E35FF29AA546F004BD737 /* FaceCommands.swift in Sources */ = {isa = PBXBuildFile; fileRef = 227E35FE29AA546F004BD737 /* FaceCommands.swift */; };
		227E360129AA6228004BD737 /* FaceSettings.swift in Sources */ = {isa = PBXBuildFile; fileRef = 227E360029AA6228004BD737 /* FaceSettings.swift */; };
		229450FA29AAD1510041CB2B /* README.md in Resources */ = {isa = PBXBuildFile; fileRef = 229450F929AAD1510041CB2B /* README.md */; };
		22A6BF3B29AFBEDE00A443C9 /* Resources in Resources */ = {isa = PBXBuildFile; fileRef = 22A6BF3A29AFBEDE00A443C9 /* Resources */; };
		22A6BF3D29B00AD000A443C9 /* AppDelegate.swift in Sources */ = {isa = PBXBuildFile; fileRef = 22A6BF3C29B00AD000A443C9 /* AppDelegate.swift */; };
		22B4E0D729AE3CC400DA2268 /* Assets.xcassets in Resources */ = {isa = PBXBuildFile; fileRef = 22B4E0D629AE3CC400DA2268 /* Assets.xcassets */; };
		36527E8B2B19859D002EA155 /* PhotosLibraryAPI.swift in Sources */ = {isa = PBXBuildFile; fileRef = 36527E8A2B19859C002EA155 /* PhotosLibraryAPI.swift */; };
		C2D89E6E24B9358D0096C79B /* ModelData.swift in Sources */ = {isa = PBXBuildFile; fileRef = C20D780424B684EC002E7AEA /* ModelData.swift */; };
		C2D89E7324B935F50096C79B /* FaceExplorerApp.swift in Sources */ = {isa = PBXBuildFile; fileRef = C20D77ED24B665D7002E7AEA /* FaceExplorerApp.swift */; };
/* End PBXBuildFile section */

/* Begin PBXFileReference section */
		220A1A4229AECB3F009A84EE /* FilePicker.swift */ = {isa = PBXFileReference; lastKnownFileType = sourcecode.swift; path = FilePicker.swift; sourceTree = "<group>"; };
		223B6C9F299BB6D4006F6CC2 /* Face.swift */ = {isa = PBXFileReference; lastKnownFileType = sourcecode.swift; path = Face.swift; sourceTree = "<group>"; };
		223B6CA6299BC7A6006F6CC2 /* FaceGrid.swift */ = {isa = PBXFileReference; lastKnownFileType = sourcecode.swift; path = FaceGrid.swift; sourceTree = "<group>"; };
		223B6CA9299BC97D006F6CC2 /* FaceCard.swift */ = {isa = PBXFileReference; lastKnownFileType = sourcecode.swift; path = FaceCard.swift; sourceTree = "<group>"; };
		223B6CAB299BC98C006F6CC2 /* FaceDetail.swift */ = {isa = PBXFileReference; lastKnownFileType = sourcecode.swift; path = FaceDetail.swift; sourceTree = "<group>"; };
		223B6CB5299C1B0D006F6CC2 /* Person.swift */ = {isa = PBXFileReference; lastKnownFileType = sourcecode.swift; path = Person.swift; sourceTree = "<group>"; };
		225397D32B7CFE4C00C4D43C /* Toolbar.swift */ = {isa = PBXFileReference; lastKnownFileType = sourcecode.swift; path = Toolbar.swift; sourceTree = "<group>"; };
		227E35FE29AA546F004BD737 /* FaceCommands.swift */ = {isa = PBXFileReference; lastKnownFileType = sourcecode.swift; path = FaceCommands.swift; sourceTree = "<group>"; };
		227E360029AA6228004BD737 /* FaceSettings.swift */ = {isa = PBXFileReference; lastKnownFileType = sourcecode.swift; path = FaceSettings.swift; sourceTree = "<group>"; };
		229450F929AAD1510041CB2B /* README.md */ = {isa = PBXFileReference; lastKnownFileType = net.daringfireball.markdown; path = README.md; sourceTree = "<group>"; };
		22A6BF3A29AFBEDE00A443C9 /* Resources */ = {isa = PBXFileReference; lastKnownFileType = folder; path = Resources; sourceTree = "<group>"; };
		22A6BF3C29B00AD000A443C9 /* AppDelegate.swift */ = {isa = PBXFileReference; lastKnownFileType = sourcecode.swift; path = AppDelegate.swift; sourceTree = "<group>"; };
		22B4E0D629AE3CC400DA2268 /* Assets.xcassets */ = {isa = PBXFileReference; lastKnownFileType = folder.assetcatalog; name = Assets.xcassets; path = FaceExplorer/Assets.xcassets; sourceTree = SOURCE_ROOT; };
		36527E8A2B19859C002EA155 /* PhotosLibraryAPI.swift */ = {isa = PBXFileReference; fileEncoding = 4; lastKnownFileType = sourcecode.swift; path = PhotosLibraryAPI.swift; sourceTree = "<group>"; };
		C20D77ED24B665D7002E7AEA /* FaceExplorerApp.swift */ = {isa = PBXFileReference; lastKnownFileType = sourcecode.swift; path = FaceExplorerApp.swift; sourceTree = "<group>"; };
		C20D77F624B665D8002E7AEA /* Info.plist */ = {isa = PBXFileReference; lastKnownFileType = text.plist.xml; path = Info.plist; sourceTree = "<group>"; };
		C20D780424B684EC002E7AEA /* ModelData.swift */ = {isa = PBXFileReference; lastKnownFileType = sourcecode.swift; path = ModelData.swift; sourceTree = "<group>"; };
		C2D89E5E24B935390096C79B /* FaceExplorer.app */ = {isa = PBXFileReference; explicitFileType = wrapper.application; includeInIndex = 0; path = FaceExplorer.app; sourceTree = BUILT_PRODUCTS_DIR; };
		C2D89E6A24B9353B0096C79B /* FaceExplorer.entitlements */ = {isa = PBXFileReference; lastKnownFileType = text.plist.entitlements; path = FaceExplorer.entitlements; sourceTree = "<group>"; };
/* End PBXFileReference section */

/* Begin PBXFrameworksBuildPhase section */
		C2D89E5B24B935390096C79B /* Frameworks */ = {
			isa = PBXFrameworksBuildPhase;
			buildActionMask = 2147483647;
			files = (
				223B6CA3299BB7DA006F6CC2 /* SQLite in Frameworks */,
			);
			runOnlyForDeploymentPostprocessing = 0;
		};
/* End PBXFrameworksBuildPhase section */

/* Begin PBXGroup section */
		220A1A4129AECB22009A84EE /* Helpers */ = {
			isa = PBXGroup;
			children = (
				220A1A4229AECB3F009A84EE /* FilePicker.swift */,
			);
			path = Helpers;
			sourceTree = "<group>";
		};
		223B6CA5299BC791006F6CC2 /* Faces */ = {
			isa = PBXGroup;
			children = (
				223B6CA6299BC7A6006F6CC2 /* FaceGrid.swift */,
				223B6CA9299BC97D006F6CC2 /* FaceCard.swift */,
				223B6CAB299BC98C006F6CC2 /* FaceDetail.swift */,
			);
			path = Faces;
			sourceTree = "<group>";
		};
		225397D52B7D0B2300C4D43C /* Toolbar */ = {
			isa = PBXGroup;
			children = (
				225397D32B7CFE4C00C4D43C /* Toolbar.swift */,
			);
			path = Toolbar;
			sourceTree = "<group>";
		};
		C20D77E124B665D7002E7AEA = {
			isa = PBXGroup;
			children = (
				229450F929AAD1510041CB2B /* README.md */,
				C20D77EC24B665D7002E7AEA /* FaceExplorer */,
				C20D77EB24B665D7002E7AEA /* Products */,
			);
			sourceTree = "<group>";
		};
		C20D77EB24B665D7002E7AEA /* Products */ = {
			isa = PBXGroup;
			children = (
				C2D89E5E24B935390096C79B /* FaceExplorer.app */,
			);
			name = Products;
			sourceTree = "<group>";
		};
		C20D77EC24B665D7002E7AEA /* FaceExplorer */ = {
			isa = PBXGroup;
			children = (
				22A6BF3C29B00AD000A443C9 /* AppDelegate.swift */,
				227E35FE29AA546F004BD737 /* FaceCommands.swift */,
				227E360029AA6228004BD737 /* FaceSettings.swift */,
				C20D77ED24B665D7002E7AEA /* FaceExplorerApp.swift */,
				36527E8A2B19859C002EA155 /* PhotosLibraryAPI.swift */,
				C20D780824B685C4002E7AEA /* Model */,
				C2FEB32D24B7C802004FAB73 /* Views */,
				C2D89E6A24B9353B0096C79B /* FaceExplorer.entitlements */,
				22B4E0D629AE3CC400DA2268 /* Assets.xcassets */,
				C20D77F624B665D8002E7AEA /* Info.plist */,
				22A6BF3A29AFBEDE00A443C9 /* Resources */,
			);
			path = FaceExplorer;
			sourceTree = "<group>";
		};
		C20D780824B685C4002E7AEA /* Model */ = {
			isa = PBXGroup;
			children = (
				C20D780424B684EC002E7AEA /* ModelData.swift */,
				223B6C9F299BB6D4006F6CC2 /* Face.swift */,
				223B6CB5299C1B0D006F6CC2 /* Person.swift */,
			);
			path = Model;
			sourceTree = "<group>";
		};
		C2FEB32D24B7C802004FAB73 /* Views */ = {
			isa = PBXGroup;
			children = (
				223B6CA5299BC791006F6CC2 /* Faces */,
				220A1A4129AECB22009A84EE /* Helpers */,
				225397D52B7D0B2300C4D43C /* Toolbar */,
			);
			path = Views;
			sourceTree = "<group>";
		};
/* End PBXGroup section */

/* Begin PBXNativeTarget section */
		C2D89E5D24B935390096C79B /* FaceExplorer */ = {
			isa = PBXNativeTarget;
			buildConfigurationList = C2D89E6D24B9353B0096C79B /* Build configuration list for PBXNativeTarget "FaceExplorer" */;
			buildPhases = (
				221FC9D12A83128C00E1624B /* ShellScript */,
				C2D89E5A24B935390096C79B /* Sources */,
				C2D89E5B24B935390096C79B /* Frameworks */,
				C2D89E5C24B935390096C79B /* Resources */,
			);
			buildRules = (
			);
			dependencies = (
			);
			name = FaceExplorer;
			packageProductDependencies = (
				223B6CA2299BB7DA006F6CC2 /* SQLite */,
			);
			productName = MacLandmarks;
			productReference = C2D89E5E24B935390096C79B /* FaceExplorer.app */;
			productType = "com.apple.product-type.application";
		};
/* End PBXNativeTarget section */

/* Begin PBXProject section */
		C20D77E224B665D7002E7AEA /* Project object */ = {
			isa = PBXProject;
			attributes = {
				BuildIndependentTargetsInParallel = YES;
				LastSwiftUpdateCheck = 1200;
				LastUpgradeCheck = 1500;
				ORGANIZATIONNAME = Apple;
				TargetAttributes = {
					C2D89E5D24B935390096C79B = {
						CreatedOnToolsVersion = 12.0;
					};
				};
			};
			buildConfigurationList = C20D77E524B665D7002E7AEA /* Build configuration list for PBXProject "FaceExplorer" */;
			compatibilityVersion = "Xcode 9.3";
			developmentRegion = en;
			hasScannedForEncodings = 0;
			knownRegions = (
				en,
				Base,
			);
			mainGroup = C20D77E124B665D7002E7AEA;
			packageReferences = (
				223B6CA1299BB7DA006F6CC2 /* XCRemoteSwiftPackageReference "SQLite" */,
			);
			productRefGroup = C20D77EB24B665D7002E7AEA /* Products */;
			projectDirPath = "";
			projectRoot = "";
			targets = (
				C2D89E5D24B935390096C79B /* FaceExplorer */,
			);
		};
/* End PBXProject section */

/* Begin PBXResourcesBuildPhase section */
		C2D89E5C24B935390096C79B /* Resources */ = {
			isa = PBXResourcesBuildPhase;
			buildActionMask = 2147483647;
			files = (
				229450FA29AAD1510041CB2B /* README.md in Resources */,
				22B4E0D729AE3CC400DA2268 /* Assets.xcassets in Resources */,
				22A6BF3B29AFBEDE00A443C9 /* Resources in Resources */,
			);
			runOnlyForDeploymentPostprocessing = 0;
		};
/* End PBXResourcesBuildPhase section */

/* Begin PBXShellScriptBuildPhase section */
		221FC9D12A83128C00E1624B /* ShellScript */ = {
			isa = PBXShellScriptBuildPhase;
			alwaysOutOfDate = 1;
			buildActionMask = 2147483647;
			files = (
			);
			inputFileListPaths = (
			);
			inputPaths = (
			);
			outputFileListPaths = (
			);
			outputPaths = (
			);
			runOnlyForDeploymentPostprocessing = 0;
			shellPath = /bin/sh;
			shellScript = "# Type a script or drag a script file from your workspace to insert its path.\nif which swiftlint >/dev/null; then\n    swiftlint\nelse\n    echo \"warning: swiftlint not installed\"\nfi\n";
		};
/* End PBXShellScriptBuildPhase section */

/* Begin PBXSourcesBuildPhase section */
		C2D89E5A24B935390096C79B /* Sources */ = {
			isa = PBXSourcesBuildPhase;
			buildActionMask = 2147483647;
			files = (
				C2D89E6E24B9358D0096C79B /* ModelData.swift in Sources */,
				36527E8B2B19859D002EA155 /* PhotosLibraryAPI.swift in Sources */,
				225397D42B7CFE4C00C4D43C /* Toolbar.swift in Sources */,
				223B6CAD299BC9A7006F6CC2 /* FaceCard.swift in Sources */,
				223B6CA8299BC7F3006F6CC2 /* FaceGrid.swift in Sources */,
				C2D89E7324B935F50096C79B /* FaceExplorerApp.swift in Sources */,
				227E35FF29AA546F004BD737 /* FaceCommands.swift in Sources */,
				223B6CB6299C1B0E006F6CC2 /* Person.swift in Sources */,
				220A1A4329AECB3F009A84EE /* FilePicker.swift in Sources */,
				227E360129AA6228004BD737 /* FaceSettings.swift in Sources */,
				22A6BF3D29B00AD000A443C9 /* AppDelegate.swift in Sources */,
				223B6CA4299BBCC8006F6CC2 /* Face.swift in Sources */,
			);
			runOnlyForDeploymentPostprocessing = 0;
		};
/* End PBXSourcesBuildPhase section */

/* Begin XCBuildConfiguration section */
		C20D77F724B665D8002E7AEA /* Debug */ = {
			isa = XCBuildConfiguration;
			buildSettings = {
				ALWAYS_SEARCH_USER_PATHS = NO;
				CLANG_ANALYZER_NONNULL = YES;
				CLANG_ANALYZER_NUMBER_OBJECT_CONVERSION = YES_AGGRESSIVE;
				CLANG_CXX_LANGUAGE_STANDARD = "gnu++14";
				CLANG_CXX_LIBRARY = "libc++";
				CLANG_ENABLE_MODULES = YES;
				CLANG_ENABLE_OBJC_ARC = YES;
				CLANG_ENABLE_OBJC_WEAK = YES;
				CLANG_WARN_BLOCK_CAPTURE_AUTORELEASING = YES;
				CLANG_WARN_BOOL_CONVERSION = YES;
				CLANG_WARN_COMMA = YES;
				CLANG_WARN_CONSTANT_CONVERSION = YES;
				CLANG_WARN_DEPRECATED_OBJC_IMPLEMENTATIONS = YES;
				CLANG_WARN_DIRECT_OBJC_ISA_USAGE = YES_ERROR;
				CLANG_WARN_DOCUMENTATION_COMMENTS = YES;
				CLANG_WARN_EMPTY_BODY = YES;
				CLANG_WARN_ENUM_CONVERSION = YES;
				CLANG_WARN_INFINITE_RECURSION = YES;
				CLANG_WARN_INT_CONVERSION = YES;
				CLANG_WARN_NON_LITERAL_NULL_CONVERSION = YES;
				CLANG_WARN_OBJC_IMPLICIT_RETAIN_SELF = YES;
				CLANG_WARN_OBJC_LITERAL_CONVERSION = YES;
				CLANG_WARN_OBJC_ROOT_CLASS = YES_ERROR;
				CLANG_WARN_QUOTED_INCLUDE_IN_FRAMEWORK_HEADER = YES;
				CLANG_WARN_RANGE_LOOP_ANALYSIS = YES;
				CLANG_WARN_STRICT_PROTOTYPES = YES;
				CLANG_WARN_SUSPICIOUS_MOVE = YES;
				CLANG_WARN_UNGUARDED_AVAILABILITY = YES_AGGRESSIVE;
				CLANG_WARN_UNREACHABLE_CODE = YES;
				CLANG_WARN__DUPLICATE_METHOD_MATCH = YES;
				COPY_PHASE_STRIP = NO;
				DEAD_CODE_STRIPPING = YES;
				DEBUG_INFORMATION_FORMAT = dwarf;
				ENABLE_STRICT_OBJC_MSGSEND = YES;
				ENABLE_TESTABILITY = YES;
				ENABLE_USER_SCRIPT_SANDBOXING = YES;
				GCC_C_LANGUAGE_STANDARD = gnu11;
				GCC_DYNAMIC_NO_PIC = NO;
				GCC_NO_COMMON_BLOCKS = YES;
				GCC_OPTIMIZATION_LEVEL = 0;
				GCC_PREPROCESSOR_DEFINITIONS = (
					"DEBUG=1",
					"$(inherited)",
				);
				GCC_WARN_64_TO_32_BIT_CONVERSION = YES;
				GCC_WARN_ABOUT_RETURN_TYPE = YES_ERROR;
				GCC_WARN_UNDECLARED_SELECTOR = YES;
				GCC_WARN_UNINITIALIZED_AUTOS = YES_AGGRESSIVE;
				GCC_WARN_UNUSED_FUNCTION = YES;
				GCC_WARN_UNUSED_VARIABLE = YES;
				MTL_ENABLE_DEBUG_INFO = INCLUDE_SOURCE;
				MTL_FAST_MATH = YES;
				ONLY_ACTIVE_ARCH = YES;
				SDKROOT = macosx;
				SWIFT_ACTIVE_COMPILATION_CONDITIONS = DEBUG;
				SWIFT_OPTIMIZATION_LEVEL = "-Onone";
			};
			name = Debug;
		};
		C20D77F824B665D8002E7AEA /* Release */ = {
			isa = XCBuildConfiguration;
			buildSettings = {
				ALWAYS_SEARCH_USER_PATHS = NO;
				CLANG_ANALYZER_NONNULL = YES;
				CLANG_ANALYZER_NUMBER_OBJECT_CONVERSION = YES_AGGRESSIVE;
				CLANG_CXX_LANGUAGE_STANDARD = "gnu++14";
				CLANG_CXX_LIBRARY = "libc++";
				CLANG_ENABLE_MODULES = YES;
				CLANG_ENABLE_OBJC_ARC = YES;
				CLANG_ENABLE_OBJC_WEAK = YES;
				CLANG_WARN_BLOCK_CAPTURE_AUTORELEASING = YES;
				CLANG_WARN_BOOL_CONVERSION = YES;
				CLANG_WARN_COMMA = YES;
				CLANG_WARN_CONSTANT_CONVERSION = YES;
				CLANG_WARN_DEPRECATED_OBJC_IMPLEMENTATIONS = YES;
				CLANG_WARN_DIRECT_OBJC_ISA_USAGE = YES_ERROR;
				CLANG_WARN_DOCUMENTATION_COMMENTS = YES;
				CLANG_WARN_EMPTY_BODY = YES;
				CLANG_WARN_ENUM_CONVERSION = YES;
				CLANG_WARN_INFINITE_RECURSION = YES;
				CLANG_WARN_INT_CONVERSION = YES;
				CLANG_WARN_NON_LITERAL_NULL_CONVERSION = YES;
				CLANG_WARN_OBJC_IMPLICIT_RETAIN_SELF = YES;
				CLANG_WARN_OBJC_LITERAL_CONVERSION = YES;
				CLANG_WARN_OBJC_ROOT_CLASS = YES_ERROR;
				CLANG_WARN_QUOTED_INCLUDE_IN_FRAMEWORK_HEADER = YES;
				CLANG_WARN_RANGE_LOOP_ANALYSIS = YES;
				CLANG_WARN_STRICT_PROTOTYPES = YES;
				CLANG_WARN_SUSPICIOUS_MOVE = YES;
				CLANG_WARN_UNGUARDED_AVAILABILITY = YES_AGGRESSIVE;
				CLANG_WARN_UNREACHABLE_CODE = YES;
				CLANG_WARN__DUPLICATE_METHOD_MATCH = YES;
				COPY_PHASE_STRIP = NO;
				DEAD_CODE_STRIPPING = YES;
				DEBUG_INFORMATION_FORMAT = "dwarf-with-dsym";
				ENABLE_NS_ASSERTIONS = NO;
				ENABLE_STRICT_OBJC_MSGSEND = YES;
				ENABLE_USER_SCRIPT_SANDBOXING = YES;
				GCC_C_LANGUAGE_STANDARD = gnu11;
				GCC_NO_COMMON_BLOCKS = YES;
				GCC_WARN_64_TO_32_BIT_CONVERSION = YES;
				GCC_WARN_ABOUT_RETURN_TYPE = YES_ERROR;
				GCC_WARN_UNDECLARED_SELECTOR = YES;
				GCC_WARN_UNINITIALIZED_AUTOS = YES_AGGRESSIVE;
				GCC_WARN_UNUSED_FUNCTION = YES;
				GCC_WARN_UNUSED_VARIABLE = YES;
				MTL_ENABLE_DEBUG_INFO = NO;
				MTL_FAST_MATH = YES;
				SDKROOT = macosx;
				SWIFT_COMPILATION_MODE = wholemodule;
				SWIFT_OPTIMIZATION_LEVEL = "-O";
				VALIDATE_PRODUCT = YES;
			};
			name = Release;
		};
		C2D89E6B24B9353B0096C79B /* Debug */ = {
			isa = XCBuildConfiguration;
			buildSettings = {
				ASSETCATALOG_COMPILER_APPICON_NAME = AppIcon;
				ASSETCATALOG_COMPILER_GLOBAL_ACCENT_COLOR_NAME = AccentColor;
				ASSETCATALOG_COMPILER_INCLUDE_ALL_APPICON_ASSETS = YES;
				CODE_SIGN_ENTITLEMENTS = FaceExplorer/FaceExplorer.entitlements;
				CODE_SIGN_IDENTITY = "Mac Developer";
				"CODE_SIGN_IDENTITY[sdk=macosx*]" = "-";
				CODE_SIGN_STYLE = Automatic;
				COMBINE_HIDPI_IMAGES = YES;
				CURRENT_PROJECT_VERSION = 1;
				DEAD_CODE_STRIPPING = YES;
				DEVELOPMENT_TEAM = "";
				ENABLE_HARDENED_RUNTIME = YES;
				ENABLE_PREVIEWS = YES;
				ENABLE_USER_SCRIPT_SANDBOXING = NO;
				GENERATE_INFOPLIST_FILE = YES;
				INFOPLIST_FILE = FaceExplorer/Info.plist;
				INFOPLIST_KEY_CFBundleDisplayName = FaceExplorer;
				INFOPLIST_KEY_LSApplicationCategoryType = "public.app-category.photography";
				INFOPLIST_KEY_NSPhotoLibraryUsageDescription = "This app needs to access your Photos Library to create an album with your faces.";
				LD_RUNPATH_SEARCH_PATHS = (
					"$(inherited)",
					"@executable_path/../Frameworks",
				);
				MACOSX_DEPLOYMENT_TARGET = 12.0;
				MARKETING_VERSION = 0.0.4;
				PRODUCT_BUNDLE_IDENTIFIER = com.FaceExplorer;
				PRODUCT_NAME = "$(TARGET_NAME)";
				PROVISIONING_PROFILE_SPECIFIER = "";
				SDKROOT = macosx;
				SWIFT_VERSION = 5.0;
			};
			name = Debug;
		};
		C2D89E6C24B9353B0096C79B /* Release */ = {
			isa = XCBuildConfiguration;
			buildSettings = {
				ASSETCATALOG_COMPILER_APPICON_NAME = AppIcon;
				ASSETCATALOG_COMPILER_GLOBAL_ACCENT_COLOR_NAME = AccentColor;
				ASSETCATALOG_COMPILER_INCLUDE_ALL_APPICON_ASSETS = YES;
				CODE_SIGN_ENTITLEMENTS = FaceExplorer/FaceExplorer.entitlements;
				CODE_SIGN_IDENTITY = "Mac Developer";
				"CODE_SIGN_IDENTITY[sdk=macosx*]" = "-";
				CODE_SIGN_STYLE = Automatic;
				COMBINE_HIDPI_IMAGES = YES;
				CURRENT_PROJECT_VERSION = 1;
				DEAD_CODE_STRIPPING = YES;
				DEVELOPMENT_TEAM = "";
				ENABLE_HARDENED_RUNTIME = YES;
				ENABLE_PREVIEWS = YES;
				ENABLE_USER_SCRIPT_SANDBOXING = NO;
				GENERATE_INFOPLIST_FILE = YES;
				INFOPLIST_FILE = FaceExplorer/Info.plist;
				INFOPLIST_KEY_CFBundleDisplayName = FaceExplorer;
				INFOPLIST_KEY_LSApplicationCategoryType = "public.app-category.photography";
				INFOPLIST_KEY_NSPhotoLibraryUsageDescription = "This app needs to access your Photos Library to create an album with your faces.";
				LD_RUNPATH_SEARCH_PATHS = (
					"$(inherited)",
					"@executable_path/../Frameworks",
				);
				MACOSX_DEPLOYMENT_TARGET = 12.0;
				MARKETING_VERSION = 0.0.4;
				PRODUCT_BUNDLE_IDENTIFIER = com.FaceExplorer;
				PRODUCT_NAME = "$(TARGET_NAME)";
				PROVISIONING_PROFILE_SPECIFIER = "";
				SDKROOT = macosx;
				SWIFT_VERSION = 5.0;
			};
			name = Release;
		};
/* End XCBuildConfiguration section */

/* Begin XCConfigurationList section */
		C20D77E524B665D7002E7AEA /* Build configuration list for PBXProject "FaceExplorer" */ = {
			isa = XCConfigurationList;
			buildConfigurations = (
				C20D77F724B665D8002E7AEA /* Debug */,
				C20D77F824B665D8002E7AEA /* Release */,
			);
			defaultConfigurationIsVisible = 0;
			defaultConfigurationName = Release;
		};
		C2D89E6D24B9353B0096C79B /* Build configuration list for PBXNativeTarget "FaceExplorer" */ = {
			isa = XCConfigurationList;
			buildConfigurations = (
				C2D89E6B24B9353B0096C79B /* Debug */,
				C2D89E6C24B9353B0096C79B /* Release */,
			);
			defaultConfigurationIsVisible = 0;
			defaultConfigurationName = Release;
		};
/* End XCConfigurationList section */

/* Begin XCRemoteSwiftPackageReference section */
		223B6CA1299BB7DA006F6CC2 /* XCRemoteSwiftPackageReference "SQLite" */ = {
			isa = XCRemoteSwiftPackageReference;
			repositoryURL = "https://github.com/stephencelis/SQLite.swift";
			requirement = {
				branch = master;
				kind = branch;
			};
		};
/* End XCRemoteSwiftPackageReference section */

/* Begin XCSwiftPackageProductDependency section */
		223B6CA2299BB7DA006F6CC2 /* SQLite */ = {
			isa = XCSwiftPackageProductDependency;
			package = 223B6CA1299BB7DA006F6CC2 /* XCRemoteSwiftPackageReference "SQLite" */;
			productName = SQLite;
		};
/* End XCSwiftPackageProductDependency section */
	};
	rootObject = C20D77E224B665D7002E7AEA /* Project object */;
}
